
Microsoft Visual Studio Solution File, Format Version 12.00
# Visual Studio 14
VisualStudioVersion = 14.0.25420.1
MinimumVisualStudioVersion = 10.0.40219.1
Project("{FAE04EC0-301F-11D3-BF4B-00C04F79EFBC}") = "TeamProject.DAL", "TeamProject.DAL\TeamProject.DAL.csproj", "{BA37C1F2-2498-4E94-A19B-096091D78B2E}"
EndProject
Project("{FAE04EC0-301F-11D3-BF4B-00C04F79EFBC}") = "TestingDAL", "TestingDAL\TestingDAL.csproj", "{8184C02A-F616-4721-811E-BE65CC0357A7}"
EndProject
Global
	GlobalSection(SolutionConfigurationPlatforms) = preSolution
		Debug|Any CPU = Debug|Any CPU
		Release|Any CPU = Release|Any CPU
	EndGlobalSection
	GlobalSection(ProjectConfigurationPlatforms) = postSolution
		{BA37C1F2-2498-4E94-A19B-096091D78B2E}.Debug|Any CPU.ActiveCfg = Debug|Any CPU
		{BA37C1F2-2498-4E94-A19B-096091D78B2E}.Debug|Any CPU.Build.0 = Debug|Any CPU
		{BA37C1F2-2498-4E94-A19B-096091D78B2E}.Release|Any CPU.ActiveCfg = Release|Any CPU
		{BA37C1F2-2498-4E94-A19B-096091D78B2E}.Release|Any CPU.Build.0 = Release|Any CPU
		{8184C02A-F616-4721-811E-BE65CC0357A7}.Debug|Any CPU.ActiveCfg = Debug|Any CPU
		{8184C02A-F616-4721-811E-BE65CC0357A7}.Debug|Any CPU.Build.0 = Debug|Any CPU
		{8184C02A-F616-4721-811E-BE65CC0357A7}.Release|Any CPU.ActiveCfg = Release|Any CPU
		{8184C02A-F616-4721-811E-BE65CC0357A7}.Release|Any CPU.Build.0 = Release|Any CPU
	EndGlobalSection
	GlobalSection(SolutionProperties) = preSolution
		HideSolutionNode = FALSE
	EndGlobalSection
EndGlobal
